
Microsoft Visual Studio Solution File, Format Version 12.00
# Visual Studio 15
VisualStudioVersion = 15.0.27703.2042
MinimumVisualStudioVersion = 10.0.40219.1
Project("{FAE04EC0-301F-11D3-BF4B-00C04F79EFBC}") = "Delight", "Delight.csproj", "{4BF38BA3-BF6A-4B7F-B281-9E4307381E59}"
EndProject
Project("{FAE04EC0-301F-11D3-BF4B-00C04F79EFBC}") = "Delight.Component", "..\Delight.Component\Delight.Component.csproj", "{72496BE5-50C7-41F0-A9F8-708C86DCE52F}"
EndProject
Project("{FAE04EC0-301F-11D3-BF4B-00C04F79EFBC}") = "Delight.Core", "Delight.Core\Delight.Core.csproj", "{ACD3B3D0-4398-4BF9-8412-385730FE3E47}"
EndProject
Global
	GlobalSection(SolutionConfigurationPlatforms) = preSolution
		Debug|Any CPU = Debug|Any CPU
		Release|Any CPU = Release|Any CPU
	EndGlobalSection
	GlobalSection(ProjectConfigurationPlatforms) = postSolution
		{4BF38BA3-BF6A-4B7F-B281-9E4307381E59}.Debug|Any CPU.ActiveCfg = Debug|Any CPU
		{4BF38BA3-BF6A-4B7F-B281-9E4307381E59}.Debug|Any CPU.Build.0 = Debug|Any CPU
		{4BF38BA3-BF6A-4B7F-B281-9E4307381E59}.Release|Any CPU.ActiveCfg = Release|Any CPU
		{4BF38BA3-BF6A-4B7F-B281-9E4307381E59}.Release|Any CPU.Build.0 = Release|Any CPU
		{72496BE5-50C7-41F0-A9F8-708C86DCE52F}.Debug|Any CPU.ActiveCfg = Debug|Any CPU
		{72496BE5-50C7-41F0-A9F8-708C86DCE52F}.Debug|Any CPU.Build.0 = Debug|Any CPU
		{72496BE5-50C7-41F0-A9F8-708C86DCE52F}.Release|Any CPU.ActiveCfg = Release|Any CPU
		{72496BE5-50C7-41F0-A9F8-708C86DCE52F}.Release|Any CPU.Build.0 = Release|Any CPU
		{ACD3B3D0-4398-4BF9-8412-385730FE3E47}.Debug|Any CPU.ActiveCfg = Debug|Any CPU
		{ACD3B3D0-4398-4BF9-8412-385730FE3E47}.Debug|Any CPU.Build.0 = Debug|Any CPU
		{ACD3B3D0-4398-4BF9-8412-385730FE3E47}.Release|Any CPU.ActiveCfg = Release|Any CPU
		{ACD3B3D0-4398-4BF9-8412-385730FE3E47}.Release|Any CPU.Build.0 = Release|Any CPU
	EndGlobalSection
	GlobalSection(SolutionProperties) = preSolution
		HideSolutionNode = FALSE
	EndGlobalSection
	GlobalSection(ExtensibilityGlobals) = postSolution
		SolutionGuid = {5732FFC0-6CED-47F0-BB83-B52887E2E109}
	EndGlobalSection
EndGlobal
